
Microsoft Visual Studio Solution File, Format Version 12.00
# Visual Studio Version 17
VisualStudioVersion = 17.10.35122.118
MinimumVisualStudioVersion = 10.0.40219.1
Project("{FAE04EC0-301F-11D3-BF4B-00C04F79EFBC}") = "login", "login.csproj", "{D1B96114-5915-402B-AF1E-94B189DD2E65}"
EndProject
Global
	GlobalSection(SolutionConfigurationPlatforms) = preSolution
		Debug|Any CPU = Debug|Any CPU
		Release|Any CPU = Release|Any CPU
	EndGlobalSection
	GlobalSection(ProjectConfigurationPlatforms) = postSolution
		{D1B96114-5915-402B-AF1E-94B189DD2E65}.Debug|Any CPU.ActiveCfg = Debug|Any CPU
		{D1B96114-5915-402B-AF1E-94B189DD2E65}.Debug|Any CPU.Build.0 = Debug|Any CPU
		{D1B96114-5915-402B-AF1E-94B189DD2E65}.Release|Any CPU.ActiveCfg = Release|Any CPU
		{D1B96114-5915-402B-AF1E-94B189DD2E65}.Release|Any CPU.Build.0 = Release|Any CPU
	EndGlobalSection
	GlobalSection(SolutionProperties) = preSolution
		HideSolutionNode = FALSE
	EndGlobalSection
	GlobalSection(ExtensibilityGlobals) = postSolution
		SolutionGuid = {E3B9BE5A-8E73-4DF3-9DE1-87196360DF96}
	EndGlobalSection
EndGlobal
